
Microsoft Visual Studio Solution File, Format Version 12.00
# Visual Studio Version 16
VisualStudioVersion = 16.0.31205.134
MinimumVisualStudioVersion = 10.0.40219.1
Project("{FAE04EC0-301F-11D3-BF4B-00C04F79EFBC}") = "Employee_Wage_C_Sharp", "Employee_Wage_C_Sharp\Employee_Wage_C_Sharp.csproj", "{D02F0FD2-EB43-4961-98F9-9C1A98862B18}"
EndProject
Global
	GlobalSection(SolutionConfigurationPlatforms) = preSolution
		Debug|Any CPU = Debug|Any CPU
		Release|Any CPU = Release|Any CPU
	EndGlobalSection
	GlobalSection(ProjectConfigurationPlatforms) = postSolution
		{D02F0FD2-EB43-4961-98F9-9C1A98862B18}.Debug|Any CPU.ActiveCfg = Debug|Any CPU
		{D02F0FD2-EB43-4961-98F9-9C1A98862B18}.Debug|Any CPU.Build.0 = Debug|Any CPU
		{D02F0FD2-EB43-4961-98F9-9C1A98862B18}.Release|Any CPU.ActiveCfg = Release|Any CPU
		{D02F0FD2-EB43-4961-98F9-9C1A98862B18}.Release|Any CPU.Build.0 = Release|Any CPU
	EndGlobalSection
	GlobalSection(SolutionProperties) = preSolution
		HideSolutionNode = FALSE
	EndGlobalSection
	GlobalSection(ExtensibilityGlobals) = postSolution
		SolutionGuid = {1D72FE48-1AE8-4C6C-A0D1-CBE2E718E312}
	EndGlobalSection
EndGlobal
